
Microsoft Visual Studio Solution File, Format Version 12.00
# Visual Studio Version 17
VisualStudioVersion = 17.7.34024.191
MinimumVisualStudioVersion = 10.0.40219.1
Project("{888888A0-9F3D-457C-B088-3A5042F75D52}") = "Regression_lineaire_exemple", "Regression_lineaire_exemple.pyproj", "{3B25D702-A04A-43E8-81B7-7D6CB54EE2F5}"
EndProject
Global
	GlobalSection(SolutionConfigurationPlatforms) = preSolution
		Debug|Any CPU = Debug|Any CPU
		Release|Any CPU = Release|Any CPU
	EndGlobalSection
	GlobalSection(ProjectConfigurationPlatforms) = postSolution
		{3B25D702-A04A-43E8-81B7-7D6CB54EE2F5}.Debug|Any CPU.ActiveCfg = Debug|Any CPU
		{3B25D702-A04A-43E8-81B7-7D6CB54EE2F5}.Release|Any CPU.ActiveCfg = Release|Any CPU
	EndGlobalSection
	GlobalSection(SolutionProperties) = preSolution
		HideSolutionNode = FALSE
	EndGlobalSection
	GlobalSection(ExtensibilityGlobals) = postSolution
		SolutionGuid = {59EC01C9-C670-4F4B-80C3-5FEEA47AA09E}
	EndGlobalSection
EndGlobal
